
Microsoft Visual Studio Solution File, Format Version 12.00
# Visual Studio Version 17
VisualStudioVersion = 17.11.35431.28
MinimumVisualStudioVersion = 10.0.40219.1
Project("{9A19103F-16F7-4668-BE54-9A1E7A4F7556}") = "GS_Microservices_Sem2", "GS_Microservices_Sem2\GS_Microservices_Sem2.csproj", "{5BBC6B9C-E8F5-416F-BD31-7A9E099281D0}"
EndProject
Project("{FAE04EC0-301F-11D3-BF4B-00C04F79EFBC}") = "Test", "Test\Test.csproj", "{D4A732F2-09A8-4C5C-8208-7651AAFFD855}"
EndProject
Global
	GlobalSection(SolutionConfigurationPlatforms) = preSolution
		Debug|Any CPU = Debug|Any CPU
		Release|Any CPU = Release|Any CPU
	EndGlobalSection
	GlobalSection(ProjectConfigurationPlatforms) = postSolution
		{5BBC6B9C-E8F5-416F-BD31-7A9E099281D0}.Debug|Any CPU.ActiveCfg = Debug|Any CPU
		{5BBC6B9C-E8F5-416F-BD31-7A9E099281D0}.Debug|Any CPU.Build.0 = Debug|Any CPU
		{5BBC6B9C-E8F5-416F-BD31-7A9E099281D0}.Release|Any CPU.ActiveCfg = Release|Any CPU
		{5BBC6B9C-E8F5-416F-BD31-7A9E099281D0}.Release|Any CPU.Build.0 = Release|Any CPU
		{D4A732F2-09A8-4C5C-8208-7651AAFFD855}.Debug|Any CPU.ActiveCfg = Debug|Any CPU
		{D4A732F2-09A8-4C5C-8208-7651AAFFD855}.Debug|Any CPU.Build.0 = Debug|Any CPU
		{D4A732F2-09A8-4C5C-8208-7651AAFFD855}.Release|Any CPU.ActiveCfg = Release|Any CPU
		{D4A732F2-09A8-4C5C-8208-7651AAFFD855}.Release|Any CPU.Build.0 = Release|Any CPU
	EndGlobalSection
	GlobalSection(SolutionProperties) = preSolution
		HideSolutionNode = FALSE
	EndGlobalSection
	GlobalSection(ExtensibilityGlobals) = postSolution
		SolutionGuid = {F635A01B-DD15-46B2-8B2B-1F88A84C5836}
	EndGlobalSection
EndGlobal
